
Microsoft Visual Studio Solution File, Format Version 12.00
# Visual Studio Version 17
VisualStudioVersion = 17.5.33627.172
MinimumVisualStudioVersion = 10.0.40219.1
Project("{FAE04EC0-301F-11D3-BF4B-00C04F79EFBC}") = "JN_WEB", "JN_WEB\JN_WEB.csproj", "{7EA07562-5325-4369-8477-FEB3C52039AB}"
EndProject
Global
	GlobalSection(SolutionConfigurationPlatforms) = preSolution
		Debug|Any CPU = Debug|Any CPU
		Release|Any CPU = Release|Any CPU
	EndGlobalSection
	GlobalSection(ProjectConfigurationPlatforms) = postSolution
		{7EA07562-5325-4369-8477-FEB3C52039AB}.Debug|Any CPU.ActiveCfg = Debug|Any CPU
		{7EA07562-5325-4369-8477-FEB3C52039AB}.Debug|Any CPU.Build.0 = Debug|Any CPU
		{7EA07562-5325-4369-8477-FEB3C52039AB}.Release|Any CPU.ActiveCfg = Release|Any CPU
		{7EA07562-5325-4369-8477-FEB3C52039AB}.Release|Any CPU.Build.0 = Release|Any CPU
	EndGlobalSection
	GlobalSection(SolutionProperties) = preSolution
		HideSolutionNode = FALSE
	EndGlobalSection
	GlobalSection(ExtensibilityGlobals) = postSolution
		SolutionGuid = {8900EC52-2B08-493F-B877-818D2C84926A}
	EndGlobalSection
EndGlobal
